
Microsoft Visual Studio Solution File, Format Version 12.00
# Visual Studio Version 17
VisualStudioVersion = 17.0.32014.148
MinimumVisualStudioVersion = 10.0.40219.1
Project("{FAE04EC0-301F-11D3-BF4B-00C04F79EFBC}") = "ConsoleGameEngine", "ConsoleGameEngine\ConsoleGameEngine.csproj", "{C872354B-DF70-4592-B792-6B9FF22F24F1}"
EndProject
Global
	GlobalSection(SolutionConfigurationPlatforms) = preSolution
		Debug|Any CPU = Debug|Any CPU
		Release|Any CPU = Release|Any CPU
	EndGlobalSection
	GlobalSection(ProjectConfigurationPlatforms) = postSolution
		{C872354B-DF70-4592-B792-6B9FF22F24F1}.Debug|Any CPU.ActiveCfg = Debug|Any CPU
		{C872354B-DF70-4592-B792-6B9FF22F24F1}.Debug|Any CPU.Build.0 = Debug|Any CPU
		{C872354B-DF70-4592-B792-6B9FF22F24F1}.Release|Any CPU.ActiveCfg = Release|Any CPU
		{C872354B-DF70-4592-B792-6B9FF22F24F1}.Release|Any CPU.Build.0 = Release|Any CPU
	EndGlobalSection
	GlobalSection(SolutionProperties) = preSolution
		HideSolutionNode = FALSE
	EndGlobalSection
	GlobalSection(ExtensibilityGlobals) = postSolution
		SolutionGuid = {74038EF7-375A-422E-A9D9-D4CA7685CFAD}
	EndGlobalSection
EndGlobal
